
Microsoft Visual Studio Solution File, Format Version 12.00
# Visual Studio Version 17
VisualStudioVersion = 17.8.34408.163
MinimumVisualStudioVersion = 10.0.40219.1
Project("{FAE04EC0-301F-11D3-BF4B-00C04F79EFBC}") = "InventoryService", "InventoryService\InventoryService.csproj", "{0C068189-04F1-4443-AC9E-37F040251CD7}"
EndProject
Global
	GlobalSection(SolutionConfigurationPlatforms) = preSolution
		Debug|Any CPU = Debug|Any CPU
		Release|Any CPU = Release|Any CPU
	EndGlobalSection
	GlobalSection(ProjectConfigurationPlatforms) = postSolution
		{0C068189-04F1-4443-AC9E-37F040251CD7}.Debug|Any CPU.ActiveCfg = Debug|Any CPU
		{0C068189-04F1-4443-AC9E-37F040251CD7}.Debug|Any CPU.Build.0 = Debug|Any CPU
		{0C068189-04F1-4443-AC9E-37F040251CD7}.Release|Any CPU.ActiveCfg = Release|Any CPU
		{0C068189-04F1-4443-AC9E-37F040251CD7}.Release|Any CPU.Build.0 = Release|Any CPU
	EndGlobalSection
	GlobalSection(SolutionProperties) = preSolution
		HideSolutionNode = FALSE
	EndGlobalSection
	GlobalSection(ExtensibilityGlobals) = postSolution
		SolutionGuid = {785445E7-7AD8-4844-9C06-AFD793C1EF65}
	EndGlobalSection
EndGlobal
